<?xml version="1.0" encoding="UTF-8"?>
<!DOCTYPE plist PUBLIC "-//Apple//DTD PLIST 1.0//EN" "http://www.apple.com/DTDs/PropertyList-1.0.dtd">
<plist version="1.0">
<dict>
	<key>archiveVersion</key>
	<string>1</string>
	<key>classes</key>
	<dict/>
	<key>objectVersion</key>
	<string>46</string>
	<key>objects</key>
	<dict>
		<key>0C5465D58D8B6F234D1887C9</key>
		<dict>
			<key>children</key>
			<array>
				<string>84B3F19A1D8C2F8500883677</string>
				<string>F905D9904B4606844F293A8A</string>
			</array>
			<key>isa</key>
			<string>PBXGroup</string>
			<key>name</key>
			<string>Frameworks</string>
			<key>sourceTree</key>
			<string>&lt;group&gt;</string>
		</dict>
		<key>16C112978500D53D76F36B60</key>
		<dict>
			<key>children</key>
			<array>
				<string>FF92D2264EC149493E457590</string>
				<string>F6AAFBE4FF585B0D67D80982</string>
			</array>
			<key>isa</key>
			<string>PBXGroup</string>
			<key>name</key>
			<string>Pods</string>
			<key>sourceTree</key>
			<string>&lt;group&gt;</string>
		</dict>
		<key>42E03BF81916EA50EDC577C7</key>
		<dict>
			<key>buildActionMask</key>
			<string>2147483647</string>
			<key>files</key>
			<array/>
			<key>inputPaths</key>
			<array/>
			<key>isa</key>
			<string>PBXShellScriptBuildPhase</string>
			<key>name</key>
			<string>[CP] Embed Pods Frameworks</string>
			<key>outputPaths</key>
			<array/>
			<key>runOnlyForDeploymentPostprocessing</key>
			<string>0</string>
			<key>shellPath</key>
			<string>/bin/sh</string>
			<key>shellScript</key>
			<string>"${SRCROOT}/Pods/Target Support Files/Pods-Lens/Pods-Lens-frameworks.sh"
</string>
			<key>showEnvVarsInLog</key>
			<string>0</string>
		</dict>
		<key>445B12224DADB41CD3E75E7C</key>
		<dict>
			<key>fileRef</key>
			<string>F905D9904B4606844F293A8A</string>
			<key>isa</key>
			<string>PBXBuildFile</string>
		</dict>
		<key>6E627C04E91056D0F15B0C25</key>
		<dict>
			<key>buildActionMask</key>
			<string>2147483647</string>
			<key>files</key>
			<array/>
			<key>inputPaths</key>
			<array/>
			<key>isa</key>
			<string>PBXShellScriptBuildPhase</string>
			<key>name</key>
			<string>Embed Pods Frameworks</string>
			<key>outputPaths</key>
			<array/>
			<key>runOnlyForDeploymentPostprocessing</key>
			<string>0</string>
			<key>shellPath</key>
			<string>/bin/sh</string>
			<key>shellScript</key>
			<string>"${SRCROOT}/Pods/Target Support Files/Pods-Lens/Pods-Lens-frameworks.sh"
</string>
			<key>showEnvVarsInLog</key>
			<string>0</string>
		</dict>
		<key>84A7B59B1D8AD7960040C701</key>
		<dict>
			<key>fileEncoding</key>
			<string>4</string>
			<key>isa</key>
			<string>PBXFileReference</string>
			<key>lastKnownFileType</key>
			<string>sourcecode.swift</string>
			<key>path</key>
			<string>InputDataTableViewCell.swift</string>
			<key>sourceTree</key>
			<string>&lt;group&gt;</string>
		</dict>
		<key>84A7B59C1D8AD7960040C701</key>
		<dict>
			<key>fileEncoding</key>
			<string>4</string>
			<key>isa</key>
			<string>PBXFileReference</string>
			<key>lastKnownFileType</key>
			<string>file.xib</string>
			<key>path</key>
			<string>InputDataTableViewCell.xib</string>
			<key>sourceTree</key>
			<string>&lt;group&gt;</string>
		</dict>
		<key>84A7B59D1D8AD7960040C701</key>
		<dict>
			<key>fileEncoding</key>
			<string>4</string>
			<key>isa</key>
			<string>PBXFileReference</string>
			<key>lastKnownFileType</key>
			<string>sourcecode.swift</string>
			<key>path</key>
			<string>PeriodTableViewCell.swift</string>
			<key>sourceTree</key>
			<string>&lt;group&gt;</string>
		</dict>
		<key>84A7B59E1D8AD7960040C701</key>
		<dict>
			<key>fileEncoding</key>
			<string>4</string>
			<key>isa</key>
			<string>PBXFileReference</string>
			<key>lastKnownFileType</key>
			<string>file.xib</string>
			<key>path</key>
			<string>PeriodTableViewCell.xib</string>
			<key>sourceTree</key>
			<string>&lt;group&gt;</string>
		</dict>
		<key>84A7B59F1D8AD7960040C701</key>
		<dict>
			<key>fileRef</key>
			<string>84A7B59B1D8AD7960040C701</string>
			<key>isa</key>
			<string>PBXBuildFile</string>
		</dict>
		<key>84A7B5A01D8AD7960040C701</key>
		<dict>
			<key>fileRef</key>
			<string>84A7B59C1D8AD7960040C701</string>
			<key>isa</key>
			<string>PBXBuildFile</string>
		</dict>
		<key>84A7B5A11D8AD7960040C701</key>
		<dict>
			<key>fileRef</key>
			<string>84A7B59D1D8AD7960040C701</string>
			<key>isa</key>
			<string>PBXBuildFile</string>
		</dict>
		<key>84A7B5A21D8AD7960040C701</key>
		<dict>
			<key>fileRef</key>
			<string>84A7B59E1D8AD7960040C701</string>
			<key>isa</key>
			<string>PBXBuildFile</string>
		</dict>
		<key>84A7B5A31D8ADF820040C701</key>
		<dict>
			<key>children</key>
			<array>
				<string>84A7B5A41D8ADF900040C701</string>
				<string>84B3F1901D8BDF9600883677</string>
			</array>
			<key>isa</key>
			<string>PBXGroup</string>
			<key>name</key>
			<string>ViewModel</string>
			<key>sourceTree</key>
			<string>&lt;group&gt;</string>
		</dict>
		<key>84A7B5A41D8ADF900040C701</key>
		<dict>
			<key>fileEncoding</key>
			<string>4</string>
			<key>isa</key>
			<string>PBXFileReference</string>
			<key>lastKnownFileType</key>
			<string>sourcecode.swift</string>
			<key>path</key>
			<string>NewViewModel.swift</string>
			<key>sourceTree</key>
			<string>&lt;group&gt;</string>
		</dict>
		<key>84A7B5A51D8ADF900040C701</key>
		<dict>
			<key>fileRef</key>
			<string>84A7B5A41D8ADF900040C701</string>
			<key>isa</key>
			<string>PBXBuildFile</string>
		</dict>
		<key>84B3F1901D8BDF9600883677</key>
		<dict>
			<key>fileEncoding</key>
			<string>4</string>
			<key>isa</key>
			<string>PBXFileReference</string>
			<key>lastKnownFileType</key>
			<string>sourcecode.swift</string>
			<key>path</key>
			<string>CustomTextField.swift</string>
			<key>sourceTree</key>
			<string>&lt;group&gt;</string>
		</dict>
		<key>84B3F1911D8BDF9600883677</key>
		<dict>
			<key>fileRef</key>
			<string>84B3F1901D8BDF9600883677</string>
			<key>isa</key>
			<string>PBXBuildFile</string>
		</dict>
		<key>84B3F1941D8C056A00883677</key>
		<dict>
			<key>fileEncoding</key>
			<string>4</string>
			<key>isa</key>
			<string>PBXFileReference</string>
			<key>lastKnownFileType</key>
			<string>file.xib</string>
			<key>path</key>
			<string>DateTableViewCell.xib</string>
			<key>sourceTree</key>
			<string>&lt;group&gt;</string>
		</dict>
		<key>84B3F1951D8C056A00883677</key>
		<dict>
			<key>fileRef</key>
			<string>84B3F1941D8C056A00883677</string>
			<key>isa</key>
			<string>PBXBuildFile</string>
		</dict>
		<key>84B3F1961D8C061800883677</key>
		<dict>
			<key>fileEncoding</key>
			<string>4</string>
			<key>isa</key>
			<string>PBXFileReference</string>
			<key>lastKnownFileType</key>
			<string>sourcecode.swift</string>
			<key>path</key>
			<string>DateTableViewCell.swift</string>
			<key>sourceTree</key>
			<string>&lt;group&gt;</string>
		</dict>
		<key>84B3F1971D8C061800883677</key>
		<dict>
			<key>fileRef</key>
			<string>84B3F1961D8C061800883677</string>
			<key>isa</key>
			<string>PBXBuildFile</string>
		</dict>
		<key>84B3F19A1D8C2F8500883677</key>
		<dict>
			<key>isa</key>
			<string>PBXFileReference</string>
			<key>lastKnownFileType</key>
			<string>wrapper.framework</string>
			<key>name</key>
			<string>IQKeyboardManagerSwift.framework</string>
			<key>path</key>
			<string>../../Library/Developer/Xcode/DerivedData/Lens-acqrvfkddpieduefykzndtighvrd/Build/Products/Debug-iphonesimulator/IQKeyboardManagerSwift.framework</string>
			<key>sourceTree</key>
			<string>&lt;group&gt;</string>
		</dict>
		<key>84B3F19B1D8C2F8500883677</key>
		<dict>
			<key>fileRef</key>
			<string>84B3F19A1D8C2F8500883677</string>
			<key>isa</key>
			<string>PBXBuildFile</string>
		</dict>
		<key>84BB1DC91D8FC36900E8C751</key>
		<dict>
			<key>fileEncoding</key>
			<string>4</string>
			<key>isa</key>
			<string>PBXFileReference</string>
			<key>lastKnownFileType</key>
			<string>file.xib</string>
			<key>path</key>
			<string>SaveTableViewCell.xib</string>
			<key>sourceTree</key>
			<string>&lt;group&gt;</string>
		</dict>
		<key>84BB1DCA1D8FC36900E8C751</key>
		<dict>
			<key>fileRef</key>
			<string>84BB1DC91D8FC36900E8C751</string>
			<key>isa</key>
			<string>PBXBuildFile</string>
		</dict>
		<key>84BB1DCB1D8FC44D00E8C751</key>
		<dict>
			<key>fileEncoding</key>
			<string>4</string>
			<key>isa</key>
			<string>PBXFileReference</string>
			<key>lastKnownFileType</key>
			<string>sourcecode.swift</string>
			<key>path</key>
			<string>SaveTableViewCell.swift</string>
			<key>sourceTree</key>
			<string>&lt;group&gt;</string>
		</dict>
		<key>84BB1DCC1D8FC44D00E8C751</key>
		<dict>
			<key>fileRef</key>
			<string>84BB1DCB1D8FC44D00E8C751</string>
			<key>isa</key>
			<string>PBXBuildFile</string>
		</dict>
		<key>84C1F5AE1D8AD5D6006E6137</key>
		<dict>
			<key>fileEncoding</key>
			<string>4</string>
			<key>isa</key>
			<string>PBXFileReference</string>
			<key>lastKnownFileType</key>
			<string>sourcecode.swift</string>
			<key>path</key>
			<string>NewViewController.swift</string>
			<key>sourceTree</key>
			<string>&lt;group&gt;</string>
		</dict>
		<key>84C1F5AF1D8AD5D6006E6137</key>
		<dict>
			<key>fileRef</key>
			<string>84C1F5AE1D8AD5D6006E6137</string>
			<key>isa</key>
			<string>PBXBuildFile</string>
		</dict>
		<key>84C1F5B01D8AD63B006E6137</key>
		<dict>
			<key>children</key>
			<array>
				<string>84A7B5A31D8ADF820040C701</string>
				<string>84C1F5B11D8AD63F006E6137</string>
			</array>
			<key>isa</key>
			<string>PBXGroup</string>
			<key>name</key>
			<string>View</string>
			<key>sourceTree</key>
			<string>&lt;group&gt;</string>
		</dict>
		<key>84C1F5B11D8AD63F006E6137</key>
		<dict>
			<key>children</key>
			<array>
				<string>84A7B59B1D8AD7960040C701</string>
				<string>84A7B59C1D8AD7960040C701</string>
				<string>84A7B59D1D8AD7960040C701</string>
				<string>84A7B59E1D8AD7960040C701</string>
				<string>84CDFE751D8BBFD0001020C3</string>
				<string>84CDFE731D8BBE77001020C3</string>
				<string>84B3F1961D8C061800883677</string>
				<string>84B3F1941D8C056A00883677</string>
				<string>84BB1DCB1D8FC44D00E8C751</string>
				<string>84BB1DC91D8FC36900E8C751</string>
			</array>
			<key>isa</key>
			<string>PBXGroup</string>
			<key>name</key>
			<string>TableViewCell</string>
			<key>sourceTree</key>
			<string>&lt;group&gt;</string>
		</dict>
		<key>84CDFE731D8BBE77001020C3</key>
		<dict>
			<key>fileEncoding</key>
			<string>4</string>
			<key>isa</key>
			<string>PBXFileReference</string>
			<key>lastKnownFileType</key>
			<string>file.xib</string>
			<key>path</key>
			<string>DatePicker.xib</string>
			<key>sourceTree</key>
			<string>&lt;group&gt;</string>
		</dict>
		<key>84CDFE741D8BBE77001020C3</key>
		<dict>
			<key>fileRef</key>
			<string>84CDFE731D8BBE77001020C3</string>
			<key>isa</key>
			<string>PBXBuildFile</string>
		</dict>
		<key>84CDFE751D8BBFD0001020C3</key>
		<dict>
			<key>fileEncoding</key>
			<string>4</string>
			<key>isa</key>
			<string>PBXFileReference</string>
			<key>lastKnownFileType</key>
			<string>sourcecode.swift</string>
			<key>path</key>
			<string>DatePicker.swift</string>
			<key>sourceTree</key>
			<string>&lt;group&gt;</string>
		</dict>
		<key>84CDFE761D8BBFD0001020C3</key>
		<dict>
			<key>fileRef</key>
			<string>84CDFE751D8BBFD0001020C3</string>
			<key>isa</key>
			<string>PBXBuildFile</string>
		</dict>
		<key>84CDFE771D8BC387001020C3</key>
		<dict>
			<key>fileEncoding</key>
			<string>4</string>
			<key>isa</key>
			<string>PBXFileReference</string>
			<key>lastKnownFileType</key>
			<string>sourcecode.swift</string>
			<key>path</key>
			<string>UIView+Extenstions.swift</string>
			<key>sourceTree</key>
			<string>&lt;group&gt;</string>
		</dict>
		<key>84CDFE781D8BC387001020C3</key>
		<dict>
			<key>fileRef</key>
			<string>84CDFE771D8BC387001020C3</string>
			<key>isa</key>
			<string>PBXBuildFile</string>
		</dict>
		<key>8DBACFB05D952B31581D5E8F</key>
		<dict>
			<key>buildActionMask</key>
			<string>2147483647</string>
			<key>files</key>
			<array/>
			<key>inputPaths</key>
			<array/>
			<key>isa</key>
			<string>PBXShellScriptBuildPhase</string>
			<key>name</key>
			<string>[CP] Check Pods Manifest.lock</string>
			<key>outputPaths</key>
			<array/>
			<key>runOnlyForDeploymentPostprocessing</key>
			<string>0</string>
			<key>shellPath</key>
			<string>/bin/sh</string>
			<key>shellScript</key>
			<string>diff "${PODS_ROOT}/../Podfile.lock" "${PODS_ROOT}/Manifest.lock" &gt; /dev/null
if [[ $? != 0 ]] ; then
    cat &lt;&lt; EOM
error: The sandbox is not in sync with the Podfile.lock. Run 'pod install' or update your CocoaPods installation.
EOM
    exit 1
fi
</string>
			<key>showEnvVarsInLog</key>
			<string>0</string>
		</dict>
		<key>9A6482F51D76E18C00C5462F</key>
		<dict>
			<key>children</key>
			<array>
				<string>9A6483001D76E18C00C5462F</string>
				<string>9A6483151D76E18C00C5462F</string>
				<string>9A6483201D76E18C00C5462F</string>
				<string>9A6482FF1D76E18C00C5462F</string>
				<string>0C5465D58D8B6F234D1887C9</string>
				<string>16C112978500D53D76F36B60</string>
			</array>
			<key>isa</key>
			<string>PBXGroup</string>
			<key>sourceTree</key>
			<string>&lt;group&gt;</string>
		</dict>
		<key>9A6482F61D76E18C00C5462F</key>
		<dict>
			<key>attributes</key>
			<dict>
				<key>LastSwiftUpdateCheck</key>
				<string>0730</string>
				<key>LastUpgradeCheck</key>
				<string>0730</string>
				<key>ORGANIZATIONNAME</key>
				<string>Mac</string>
				<key>TargetAttributes</key>
				<dict>
					<key>9A6482FD1D76E18C00C5462F</key>
					<dict>
						<key>CreatedOnToolsVersion</key>
						<string>7.3.1</string>
					</dict>
					<key>9A6483111D76E18C00C5462F</key>
					<dict>
						<key>CreatedOnToolsVersion</key>
						<string>7.3.1</string>
						<key>TestTargetID</key>
						<string>9A6482FD1D76E18C00C5462F</string>
					</dict>
					<key>9A64831C1D76E18C00C5462F</key>
					<dict>
						<key>CreatedOnToolsVersion</key>
						<string>7.3.1</string>
						<key>TestTargetID</key>
						<string>9A6482FD1D76E18C00C5462F</string>
					</dict>
				</dict>
			</dict>
			<key>buildConfigurationList</key>
			<string>9A6482F91D76E18C00C5462F</string>
			<key>compatibilityVersion</key>
			<string>Xcode 3.2</string>
			<key>developmentRegion</key>
			<string>English</string>
			<key>hasScannedForEncodings</key>
			<string>0</string>
			<key>isa</key>
			<string>PBXProject</string>
			<key>knownRegions</key>
			<array>
				<string>en</string>
				<string>Base</string>
			</array>
			<key>mainGroup</key>
			<string>9A6482F51D76E18C00C5462F</string>
			<key>productRefGroup</key>
			<string>9A6482FF1D76E18C00C5462F</string>
			<key>projectDirPath</key>
			<string></string>
			<key>projectReferences</key>
			<array/>
			<key>projectRoot</key>
			<string></string>
			<key>targets</key>
			<array>
				<string>9A6482FD1D76E18C00C5462F</string>
				<string>9A6483111D76E18C00C5462F</string>
				<string>9A64831C1D76E18C00C5462F</string>
			</array>
		</dict>
		<key>9A6482F91D76E18C00C5462F</key>
		<dict>
			<key>buildConfigurations</key>
			<array>
				<string>9A6483241D76E18C00C5462F</string>
				<string>9A6483251D76E18C00C5462F</string>
			</array>
			<key>defaultConfigurationIsVisible</key>
			<string>0</string>
			<key>defaultConfigurationName</key>
			<string>Release</string>
			<key>isa</key>
			<string>XCConfigurationList</string>
		</dict>
		<key>9A6482FA1D76E18C00C5462F</key>
		<dict>
			<key>buildActionMask</key>
			<string>2147483647</string>
			<key>files</key>
			<array>
				<string>84BB1DCC1D8FC44D00E8C751</string>
				<string>9A6483751D784C7A00C5462F</string>
				<string>84CDFE761D8BBFD0001020C3</string>
				<string>84B3F1971D8C061800883677</string>
				<string>9A6483771D785B6300C5462F</string>
				<string>84A7B59F1D8AD7960040C701</string>
				<string>84B3F1911D8BDF9600883677</string>
				<string>84C1F5AF1D8AD5D6006E6137</string>
				<string>9AE093831D88523800F115F8</string>
				<string>9A6483041D76E18C00C5462F</string>
				<string>84CDFE781D8BC387001020C3</string>
				<string>84A7B5A11D8AD7960040C701</string>
				<string>9AE093A61D8FD1CC00F115F8</string>
				<string>9AC451CD1D9181FE00516218</string>
				<string>9A64836F1D77007900C5462F</string>
				<string>9AE093871D8AC6B700F115F8</string>
				<string>9AE0938B1D8ADCE500F115F8</string>
				<string>9A6483021D76E18C00C5462F</string>
				<string>9A6483301D76F12D00C5462F</string>
				<string>9AE093941D8BD56300F115F8</string>
				<string>9AE0939A1D8C351300F115F8</string>
				<string>9AE093901D8AE39A00F115F8</string>
				<string>9A6483721D770AE900C5462F</string>
				<string>9AE093A81D90059D00F115F8</string>
				<string>84A7B5A51D8ADF900040C701</string>
				<string>9AE613BF1D7E973C0016277B</string>
				<string>9AE0939C1D8C363A00F115F8</string>
				<string>9AE093A21D8C39C500F115F8</string>
			</array>
			<key>isa</key>
			<string>PBXSourcesBuildPhase</string>
			<key>runOnlyForDeploymentPostprocessing</key>
			<string>0</string>
		</dict>
		<key>9A6482FB1D76E18C00C5462F</key>
		<dict>
			<key>buildActionMask</key>
			<string>2147483647</string>
			<key>files</key>
			<array>
				<string>84B3F19B1D8C2F8500883677</string>
				<string>445B12224DADB41CD3E75E7C</string>
			</array>
			<key>isa</key>
			<string>PBXFrameworksBuildPhase</string>
			<key>runOnlyForDeploymentPostprocessing</key>
			<string>0</string>
		</dict>
		<key>9A6482FC1D76E18C00C5462F</key>
		<dict>
			<key>buildActionMask</key>
			<string>2147483647</string>
			<key>files</key>
			<array>
				<string>84BB1DCA1D8FC36900E8C751</string>
				<string>84A7B5A21D8AD7960040C701</string>
				<string>84B3F1951D8C056A00883677</string>
				<string>84CDFE741D8BBE77001020C3</string>
				<string>84A7B5A01D8AD7960040C701</string>
				<string>9AC451CB1D916CD700516218</string>
				<string>9A64830C1D76E18C00C5462F</string>
				<string>9AC451C81D915E6700516218</string>
				<string>9AE093981D8C332900F115F8</string>
				<string>9A6483091D76E18C00C5462F</string>
				<string>9AE093A41D8FCE5E00F115F8</string>
				<string>9AE0938E1D8AE00C00F115F8</string>
				<string>9A6483071D76E18C00C5462F</string>
				<string>9AE093A01D8C38C600F115F8</string>
			</array>
			<key>isa</key>
			<string>PBXResourcesBuildPhase</string>
			<key>runOnlyForDeploymentPostprocessing</key>
			<string>0</string>
		</dict>
		<key>9A6482FD1D76E18C00C5462F</key>
		<dict>
			<key>buildConfigurationList</key>
			<string>9A6483261D76E18C00C5462F</string>
			<key>buildPhases</key>
			<array>
				<string>8DBACFB05D952B31581D5E8F</string>
				<string>9A6482FA1D76E18C00C5462F</string>
				<string>9A6482FB1D76E18C00C5462F</string>
				<string>9A6482FC1D76E18C00C5462F</string>
				<string>42E03BF81916EA50EDC577C7</string>
				<string>DDD876913ED96D2FB402EBFC</string>
				<string>6E627C04E91056D0F15B0C25</string>
			</array>
			<key>buildRules</key>
			<array/>
			<key>dependencies</key>
			<array/>
			<key>isa</key>
			<string>PBXNativeTarget</string>
			<key>name</key>
			<string>Lens</string>
			<key>productName</key>
			<string>Lens</string>
			<key>productReference</key>
			<string>9A6482FE1D76E18C00C5462F</string>
			<key>productType</key>
			<string>com.apple.product-type.application</string>
		</dict>
		<key>9A6482FE1D76E18C00C5462F</key>
		<dict>
			<key>explicitFileType</key>
			<string>wrapper.application</string>
			<key>includeInIndex</key>
			<string>0</string>
			<key>isa</key>
			<string>PBXFileReference</string>
			<key>path</key>
			<string>Lens.app</string>
			<key>sourceTree</key>
			<string>BUILT_PRODUCTS_DIR</string>
		</dict>
		<key>9A6482FF1D76E18C00C5462F</key>
		<dict>
			<key>children</key>
			<array>
				<string>9A6482FE1D76E18C00C5462F</string>
				<string>9A6483121D76E18C00C5462F</string>
				<string>9A64831D1D76E18C00C5462F</string>
			</array>
			<key>isa</key>
			<string>PBXGroup</string>
			<key>name</key>
			<string>Products</string>
			<key>sourceTree</key>
			<string>&lt;group&gt;</string>
		</dict>
		<key>9A6483001D76E18C00C5462F</key>
		<dict>
			<key>children</key>
			<array>
				<string>84C1F5B01D8AD63B006E6137</string>
				<string>9AE0938C1D8ADFC900F115F8</string>
				<string>9AE093811D8851B400F115F8</string>
				<string>9A6483731D784C0000C5462F</string>
				<string>9A6483701D770ACF00C5462F</string>
				<string>9A64836B1D77002E00C5462F</string>
				<string>9A6483011D76E18C00C5462F</string>
				<string>9A6483051D76E18C00C5462F</string>
				<string>9AC451C71D915E6700516218</string>
				<string>9A6483081D76E18C00C5462F</string>
				<string>9A64830A1D76E18C00C5462F</string>
				<string>9A64830D1D76E18C00C5462F</string>
				<string>9AE613BE1D7E973C0016277B</string>
			</array>
			<key>isa</key>
			<string>PBXGroup</string>
			<key>path</key>
			<string>Lens</string>
			<key>sourceTree</key>
			<string>&lt;group&gt;</string>
		</dict>
		<key>9A6483011D76E18C00C5462F</key>
		<dict>
			<key>isa</key>
			<string>PBXFileReference</string>
			<key>lastKnownFileType</key>
			<string>sourcecode.swift</string>
			<key>path</key>
			<string>AppDelegate.swift</string>
			<key>sourceTree</key>
			<string>&lt;group&gt;</string>
		</dict>
		<key>9A6483021D76E18C00C5462F</key>
		<dict>
			<key>fileRef</key>
			<string>9A6483011D76E18C00C5462F</string>
			<key>isa</key>
			<string>PBXBuildFile</string>
		</dict>
		<key>9A6483031D76E18C00C5462F</key>
		<dict>
			<key>isa</key>
			<string>PBXFileReference</string>
			<key>lastKnownFileType</key>
			<string>sourcecode.swift</string>
			<key>path</key>
			<string>ViewController.swift</string>
			<key>sourceTree</key>
			<string>&lt;group&gt;</string>
		</dict>
		<key>9A6483041D76E18C00C5462F</key>
		<dict>
			<key>fileRef</key>
			<string>9A6483031D76E18C00C5462F</string>
			<key>isa</key>
			<string>PBXBuildFile</string>
		</dict>
		<key>9A6483051D76E18C00C5462F</key>
		<dict>
			<key>children</key>
			<array>
				<string>9A6483061D76E18C00C5462F</string>
			</array>
			<key>isa</key>
			<string>PBXVariantGroup</string>
			<key>name</key>
			<string>Main.storyboard</string>
			<key>sourceTree</key>
			<string>&lt;group&gt;</string>
		</dict>
		<key>9A6483061D76E18C00C5462F</key>
		<dict>
			<key>isa</key>
			<string>PBXFileReference</string>
			<key>lastKnownFileType</key>
			<string>file.storyboard</string>
			<key>name</key>
			<string>Base</string>
			<key>path</key>
			<string>Base.lproj/Main.storyboard</string>
			<key>sourceTree</key>
			<string>&lt;group&gt;</string>
		</dict>
		<key>9A6483071D76E18C00C5462F</key>
		<dict>
			<key>fileRef</key>
			<string>9A6483051D76E18C00C5462F</string>
			<key>isa</key>
			<string>PBXBuildFile</string>
		</dict>
		<key>9A6483081D76E18C00C5462F</key>
		<dict>
			<key>isa</key>
			<string>PBXFileReference</string>
			<key>lastKnownFileType</key>
			<string>folder.assetcatalog</string>
			<key>path</key>
			<string>Assets.xcassets</string>
			<key>sourceTree</key>
			<string>&lt;group&gt;</string>
		</dict>
		<key>9A6483091D76E18C00C5462F</key>
		<dict>
			<key>fileRef</key>
			<string>9A6483081D76E18C00C5462F</string>
			<key>isa</key>
			<string>PBXBuildFile</string>
		</dict>
		<key>9A64830A1D76E18C00C5462F</key>
		<dict>
			<key>children</key>
			<array>
				<string>9A64830B1D76E18C00C5462F</string>
			</array>
			<key>isa</key>
			<string>PBXVariantGroup</string>
			<key>name</key>
			<string>LaunchScreen.storyboard</string>
			<key>sourceTree</key>
			<string>&lt;group&gt;</string>
		</dict>
		<key>9A64830B1D76E18C00C5462F</key>
		<dict>
			<key>isa</key>
			<string>PBXFileReference</string>
			<key>lastKnownFileType</key>
			<string>file.storyboard</string>
			<key>name</key>
			<string>Base</string>
			<key>path</key>
			<string>Base.lproj/LaunchScreen.storyboard</string>
			<key>sourceTree</key>
			<string>&lt;group&gt;</string>
		</dict>
		<key>9A64830C1D76E18C00C5462F</key>
		<dict>
			<key>fileRef</key>
			<string>9A64830A1D76E18C00C5462F</string>
			<key>isa</key>
			<string>PBXBuildFile</string>
		</dict>
		<key>9A64830D1D76E18C00C5462F</key>
		<dict>
			<key>isa</key>
			<string>PBXFileReference</string>
			<key>lastKnownFileType</key>
			<string>text.plist.xml</string>
			<key>path</key>
			<string>Info.plist</string>
			<key>sourceTree</key>
			<string>&lt;group&gt;</string>
		</dict>
		<key>9A64830E1D76E18C00C5462F</key>
		<dict>
			<key>buildActionMask</key>
			<string>2147483647</string>
			<key>files</key>
			<array>
				<string>9A6483171D76E18C00C5462F</string>
			</array>
			<key>isa</key>
			<string>PBXSourcesBuildPhase</string>
			<key>runOnlyForDeploymentPostprocessing</key>
			<string>0</string>
		</dict>
		<key>9A64830F1D76E18C00C5462F</key>
		<dict>
			<key>buildActionMask</key>
			<string>2147483647</string>
			<key>files</key>
			<array/>
			<key>isa</key>
			<string>PBXFrameworksBuildPhase</string>
			<key>runOnlyForDeploymentPostprocessing</key>
			<string>0</string>
		</dict>
		<key>9A6483101D76E18C00C5462F</key>
		<dict>
			<key>buildActionMask</key>
			<string>2147483647</string>
			<key>files</key>
			<array/>
			<key>isa</key>
			<string>PBXResourcesBuildPhase</string>
			<key>runOnlyForDeploymentPostprocessing</key>
			<string>0</string>
		</dict>
		<key>9A6483111D76E18C00C5462F</key>
		<dict>
			<key>buildConfigurationList</key>
			<string>9A6483291D76E18C00C5462F</string>
			<key>buildPhases</key>
			<array>
				<string>9A64830E1D76E18C00C5462F</string>
				<string>9A64830F1D76E18C00C5462F</string>
				<string>9A6483101D76E18C00C5462F</string>
			</array>
			<key>buildRules</key>
			<array/>
			<key>dependencies</key>
			<array>
				<string>9A6483141D76E18C00C5462F</string>
			</array>
			<key>isa</key>
			<string>PBXNativeTarget</string>
			<key>name</key>
			<string>LensTests</string>
			<key>productName</key>
			<string>LensTests</string>
			<key>productReference</key>
			<string>9A6483121D76E18C00C5462F</string>
			<key>productType</key>
			<string>com.apple.product-type.bundle.unit-test</string>
		</dict>
		<key>9A6483121D76E18C00C5462F</key>
		<dict>
			<key>explicitFileType</key>
			<string>wrapper.cfbundle</string>
			<key>includeInIndex</key>
			<string>0</string>
			<key>isa</key>
			<string>PBXFileReference</string>
			<key>path</key>
			<string>LensTests.xctest</string>
			<key>sourceTree</key>
			<string>BUILT_PRODUCTS_DIR</string>
		</dict>
		<key>9A6483131D76E18C00C5462F</key>
		<dict>
			<key>containerPortal</key>
			<string>9A6482F61D76E18C00C5462F</string>
			<key>isa</key>
			<string>PBXContainerItemProxy</string>
			<key>proxyType</key>
			<string>1</string>
			<key>remoteGlobalIDString</key>
			<string>9A6482FD1D76E18C00C5462F</string>
			<key>remoteInfo</key>
			<string>Lens</string>
		</dict>
		<key>9A6483141D76E18C00C5462F</key>
		<dict>
			<key>isa</key>
			<string>PBXTargetDependency</string>
			<key>target</key>
			<string>9A6482FD1D76E18C00C5462F</string>
			<key>targetProxy</key>
			<string>9A6483131D76E18C00C5462F</string>
		</dict>
		<key>9A6483151D76E18C00C5462F</key>
		<dict>
			<key>children</key>
			<array>
				<string>9A6483161D76E18C00C5462F</string>
				<string>9A6483181D76E18C00C5462F</string>
			</array>
			<key>isa</key>
			<string>PBXGroup</string>
			<key>path</key>
			<string>LensTests</string>
			<key>sourceTree</key>
			<string>&lt;group&gt;</string>
		</dict>
		<key>9A6483161D76E18C00C5462F</key>
		<dict>
			<key>isa</key>
			<string>PBXFileReference</string>
			<key>lastKnownFileType</key>
			<string>sourcecode.swift</string>
			<key>path</key>
			<string>LensTests.swift</string>
			<key>sourceTree</key>
			<string>&lt;group&gt;</string>
		</dict>
		<key>9A6483171D76E18C00C5462F</key>
		<dict>
			<key>fileRef</key>
			<string>9A6483161D76E18C00C5462F</string>
			<key>isa</key>
			<string>PBXBuildFile</string>
		</dict>
		<key>9A6483181D76E18C00C5462F</key>
		<dict>
			<key>isa</key>
			<string>PBXFileReference</string>
			<key>lastKnownFileType</key>
			<string>text.plist.xml</string>
			<key>path</key>
			<string>Info.plist</string>
			<key>sourceTree</key>
			<string>&lt;group&gt;</string>
		</dict>
		<key>9A6483191D76E18C00C5462F</key>
		<dict>
			<key>buildActionMask</key>
			<string>2147483647</string>
			<key>files</key>
			<array>
				<string>9A6483221D76E18C00C5462F</string>
			</array>
			<key>isa</key>
			<string>PBXSourcesBuildPhase</string>
			<key>runOnlyForDeploymentPostprocessing</key>
			<string>0</string>
		</dict>
		<key>9A64831A1D76E18C00C5462F</key>
		<dict>
			<key>buildActionMask</key>
			<string>2147483647</string>
			<key>files</key>
			<array/>
			<key>isa</key>
			<string>PBXFrameworksBuildPhase</string>
			<key>runOnlyForDeploymentPostprocessing</key>
			<string>0</string>
		</dict>
		<key>9A64831B1D76E18C00C5462F</key>
		<dict>
			<key>buildActionMask</key>
			<string>2147483647</string>
			<key>files</key>
			<array/>
			<key>isa</key>
			<string>PBXResourcesBuildPhase</string>
			<key>runOnlyForDeploymentPostprocessing</key>
			<string>0</string>
		</dict>
		<key>9A64831C1D76E18C00C5462F</key>
		<dict>
			<key>buildConfigurationList</key>
			<string>9A64832C1D76E18C00C5462F</string>
			<key>buildPhases</key>
			<array>
				<string>9A6483191D76E18C00C5462F</string>
				<string>9A64831A1D76E18C00C5462F</string>
				<string>9A64831B1D76E18C00C5462F</string>
			</array>
			<key>buildRules</key>
			<array/>
			<key>dependencies</key>
			<array>
				<string>9A64831F1D76E18C00C5462F</string>
			</array>
			<key>isa</key>
			<string>PBXNativeTarget</string>
			<key>name</key>
			<string>LensUITests</string>
			<key>productName</key>
			<string>LensUITests</string>
			<key>productReference</key>
			<string>9A64831D1D76E18C00C5462F</string>
			<key>productType</key>
			<string>com.apple.product-type.bundle.ui-testing</string>
		</dict>
		<key>9A64831D1D76E18C00C5462F</key>
		<dict>
			<key>explicitFileType</key>
			<string>wrapper.cfbundle</string>
			<key>includeInIndex</key>
			<string>0</string>
			<key>isa</key>
			<string>PBXFileReference</string>
			<key>path</key>
			<string>LensUITests.xctest</string>
			<key>sourceTree</key>
			<string>BUILT_PRODUCTS_DIR</string>
		</dict>
		<key>9A64831E1D76E18C00C5462F</key>
		<dict>
			<key>containerPortal</key>
			<string>9A6482F61D76E18C00C5462F</string>
			<key>isa</key>
			<string>PBXContainerItemProxy</string>
			<key>proxyType</key>
			<string>1</string>
			<key>remoteGlobalIDString</key>
			<string>9A6482FD1D76E18C00C5462F</string>
			<key>remoteInfo</key>
			<string>Lens</string>
		</dict>
		<key>9A64831F1D76E18C00C5462F</key>
		<dict>
			<key>isa</key>
			<string>PBXTargetDependency</string>
			<key>target</key>
			<string>9A6482FD1D76E18C00C5462F</string>
			<key>targetProxy</key>
			<string>9A64831E1D76E18C00C5462F</string>
		</dict>
		<key>9A6483201D76E18C00C5462F</key>
		<dict>
			<key>children</key>
			<array>
				<string>9A6483211D76E18C00C5462F</string>
				<string>9A6483231D76E18C00C5462F</string>
			</array>
			<key>isa</key>
			<string>PBXGroup</string>
			<key>path</key>
			<string>LensUITests</string>
			<key>sourceTree</key>
			<string>&lt;group&gt;</string>
		</dict>
		<key>9A6483211D76E18C00C5462F</key>
		<dict>
			<key>isa</key>
			<string>PBXFileReference</string>
			<key>lastKnownFileType</key>
			<string>sourcecode.swift</string>
			<key>path</key>
			<string>LensUITests.swift</string>
			<key>sourceTree</key>
			<string>&lt;group&gt;</string>
		</dict>
		<key>9A6483221D76E18C00C5462F</key>
		<dict>
			<key>fileRef</key>
			<string>9A6483211D76E18C00C5462F</string>
			<key>isa</key>
			<string>PBXBuildFile</string>
		</dict>
		<key>9A6483231D76E18C00C5462F</key>
		<dict>
			<key>isa</key>
			<string>PBXFileReference</string>
			<key>lastKnownFileType</key>
			<string>text.plist.xml</string>
			<key>path</key>
			<string>Info.plist</string>
			<key>sourceTree</key>
			<string>&lt;group&gt;</string>
		</dict>
		<key>9A6483241D76E18C00C5462F</key>
		<dict>
			<key>buildSettings</key>
			<dict>
				<key>ALWAYS_SEARCH_USER_PATHS</key>
				<string>NO</string>
				<key>CLANG_ANALYZER_NONNULL</key>
				<string>YES</string>
				<key>CLANG_CXX_LANGUAGE_STANDARD</key>
				<string>gnu++0x</string>
				<key>CLANG_CXX_LIBRARY</key>
				<string>libc++</string>
				<key>CLANG_ENABLE_MODULES</key>
				<string>YES</string>
				<key>CLANG_ENABLE_OBJC_ARC</key>
				<string>YES</string>
				<key>CLANG_WARN_BOOL_CONVERSION</key>
				<string>YES</string>
				<key>CLANG_WARN_CONSTANT_CONVERSION</key>
				<string>YES</string>
				<key>CLANG_WARN_DIRECT_OBJC_ISA_USAGE</key>
				<string>YES_ERROR</string>
				<key>CLANG_WARN_EMPTY_BODY</key>
				<string>YES</string>
				<key>CLANG_WARN_ENUM_CONVERSION</key>
				<string>YES</string>
				<key>CLANG_WARN_INT_CONVERSION</key>
				<string>YES</string>
				<key>CLANG_WARN_OBJC_ROOT_CLASS</key>
				<string>YES_ERROR</string>
				<key>CLANG_WARN_UNREACHABLE_CODE</key>
				<string>YES</string>
				<key>CLANG_WARN__DUPLICATE_METHOD_MATCH</key>
				<string>YES</string>
				<key>CODE_SIGN_IDENTITY[sdk=iphoneos*]</key>
				<string>iPhone Developer</string>
				<key>COPY_PHASE_STRIP</key>
				<string>NO</string>
				<key>DEBUG_INFORMATION_FORMAT</key>
				<string>dwarf</string>
				<key>ENABLE_STRICT_OBJC_MSGSEND</key>
				<string>YES</string>
				<key>ENABLE_TESTABILITY</key>
				<string>YES</string>
				<key>GCC_C_LANGUAGE_STANDARD</key>
				<string>gnu99</string>
				<key>GCC_DYNAMIC_NO_PIC</key>
				<string>NO</string>
				<key>GCC_NO_COMMON_BLOCKS</key>
				<string>YES</string>
				<key>GCC_OPTIMIZATION_LEVEL</key>
				<string>0</string>
				<key>GCC_PREPROCESSOR_DEFINITIONS</key>
				<array>
					<string>DEBUG=1</string>
					<string>$(inherited)</string>
				</array>
				<key>GCC_WARN_64_TO_32_BIT_CONVERSION</key>
				<string>YES</string>
				<key>GCC_WARN_ABOUT_RETURN_TYPE</key>
				<string>YES_ERROR</string>
				<key>GCC_WARN_UNDECLARED_SELECTOR</key>
				<string>YES</string>
				<key>GCC_WARN_UNINITIALIZED_AUTOS</key>
				<string>YES_AGGRESSIVE</string>
				<key>GCC_WARN_UNUSED_FUNCTION</key>
				<string>YES</string>
				<key>GCC_WARN_UNUSED_VARIABLE</key>
				<string>YES</string>
				<key>IPHONEOS_DEPLOYMENT_TARGET</key>
				<string>9.3</string>
				<key>MTL_ENABLE_DEBUG_INFO</key>
				<string>YES</string>
				<key>ONLY_ACTIVE_ARCH</key>
				<string>YES</string>
				<key>SDKROOT</key>
				<string>iphoneos</string>
				<key>SWIFT_OPTIMIZATION_LEVEL</key>
				<string>-Onone</string>
				<key>TARGETED_DEVICE_FAMILY</key>
				<string>1,2</string>
			</dict>
			<key>isa</key>
			<string>XCBuildConfiguration</string>
			<key>name</key>
			<string>Debug</string>
		</dict>
		<key>9A6483251D76E18C00C5462F</key>
		<dict>
			<key>buildSettings</key>
			<dict>
				<key>ALWAYS_SEARCH_USER_PATHS</key>
				<string>NO</string>
				<key>CLANG_ANALYZER_NONNULL</key>
				<string>YES</string>
				<key>CLANG_CXX_LANGUAGE_STANDARD</key>
				<string>gnu++0x</string>
				<key>CLANG_CXX_LIBRARY</key>
				<string>libc++</string>
				<key>CLANG_ENABLE_MODULES</key>
				<string>YES</string>
				<key>CLANG_ENABLE_OBJC_ARC</key>
				<string>YES</string>
				<key>CLANG_WARN_BOOL_CONVERSION</key>
				<string>YES</string>
				<key>CLANG_WARN_CONSTANT_CONVERSION</key>
				<string>YES</string>
				<key>CLANG_WARN_DIRECT_OBJC_ISA_USAGE</key>
				<string>YES_ERROR</string>
				<key>CLANG_WARN_EMPTY_BODY</key>
				<string>YES</string>
				<key>CLANG_WARN_ENUM_CONVERSION</key>
				<string>YES</string>
				<key>CLANG_WARN_INT_CONVERSION</key>
				<string>YES</string>
				<key>CLANG_WARN_OBJC_ROOT_CLASS</key>
				<string>YES_ERROR</string>
				<key>CLANG_WARN_UNREACHABLE_CODE</key>
				<string>YES</string>
				<key>CLANG_WARN__DUPLICATE_METHOD_MATCH</key>
				<string>YES</string>
				<key>CODE_SIGN_IDENTITY[sdk=iphoneos*]</key>
				<string>iPhone Developer</string>
				<key>COPY_PHASE_STRIP</key>
				<string>NO</string>
				<key>DEBUG_INFORMATION_FORMAT</key>
				<string>dwarf-with-dsym</string>
				<key>ENABLE_NS_ASSERTIONS</key>
				<string>NO</string>
				<key>ENABLE_STRICT_OBJC_MSGSEND</key>
				<string>YES</string>
				<key>GCC_C_LANGUAGE_STANDARD</key>
				<string>gnu99</string>
				<key>GCC_NO_COMMON_BLOCKS</key>
				<string>YES</string>
				<key>GCC_WARN_64_TO_32_BIT_CONVERSION</key>
				<string>YES</string>
				<key>GCC_WARN_ABOUT_RETURN_TYPE</key>
				<string>YES_ERROR</string>
				<key>GCC_WARN_UNDECLARED_SELECTOR</key>
				<string>YES</string>
				<key>GCC_WARN_UNINITIALIZED_AUTOS</key>
				<string>YES_AGGRESSIVE</string>
				<key>GCC_WARN_UNUSED_FUNCTION</key>
				<string>YES</string>
				<key>GCC_WARN_UNUSED_VARIABLE</key>
				<string>YES</string>
				<key>IPHONEOS_DEPLOYMENT_TARGET</key>
				<string>9.3</string>
				<key>MTL_ENABLE_DEBUG_INFO</key>
				<string>NO</string>
				<key>SDKROOT</key>
				<string>iphoneos</string>
				<key>TARGETED_DEVICE_FAMILY</key>
				<string>1,2</string>
				<key>VALIDATE_PRODUCT</key>
				<string>YES</string>
			</dict>
			<key>isa</key>
			<string>XCBuildConfiguration</string>
			<key>name</key>
			<string>Release</string>
		</dict>
		<key>9A6483261D76E18C00C5462F</key>
		<dict>
			<key>buildConfigurations</key>
			<array>
				<string>9A6483271D76E18C00C5462F</string>
				<string>9A6483281D76E18C00C5462F</string>
			</array>
			<key>defaultConfigurationIsVisible</key>
			<string>0</string>
			<key>defaultConfigurationName</key>
			<string>Release</string>
			<key>isa</key>
			<string>XCConfigurationList</string>
		</dict>
		<key>9A6483271D76E18C00C5462F</key>
		<dict>
			<key>baseConfigurationReference</key>
			<string>FF92D2264EC149493E457590</string>
			<key>buildSettings</key>
			<dict>
				<key>ASSETCATALOG_COMPILER_APPICON_NAME</key>
				<string>AppIcon</string>
				<key>INFOPLIST_FILE</key>
				<string>Lens/Info.plist</string>
				<key>LD_RUNPATH_SEARCH_PATHS</key>
				<string>$(inherited) @executable_path/Frameworks</string>
				<key>PRODUCT_BUNDLE_IDENTIFIER</key>
				<string>com.mozy.Lens</string>
				<key>PRODUCT_NAME</key>
				<string>$(TARGET_NAME)</string>
			</dict>
			<key>isa</key>
			<string>XCBuildConfiguration</string>
			<key>name</key>
			<string>Debug</string>
		</dict>
		<key>9A6483281D76E18C00C5462F</key>
		<dict>
			<key>baseConfigurationReference</key>
			<string>F6AAFBE4FF585B0D67D80982</string>
			<key>buildSettings</key>
			<dict>
				<key>ASSETCATALOG_COMPILER_APPICON_NAME</key>
				<string>AppIcon</string>
				<key>INFOPLIST_FILE</key>
				<string>Lens/Info.plist</string>
				<key>LD_RUNPATH_SEARCH_PATHS</key>
				<string>$(inherited) @executable_path/Frameworks</string>
				<key>PRODUCT_BUNDLE_IDENTIFIER</key>
				<string>com.mozy.Lens</string>
				<key>PRODUCT_NAME</key>
				<string>$(TARGET_NAME)</string>
			</dict>
			<key>isa</key>
			<string>XCBuildConfiguration</string>
			<key>name</key>
			<string>Release</string>
		</dict>
		<key>9A6483291D76E18C00C5462F</key>
		<dict>
			<key>buildConfigurations</key>
			<array>
				<string>9A64832A1D76E18C00C5462F</string>
				<string>9A64832B1D76E18C00C5462F</string>
			</array>
			<key>defaultConfigurationIsVisible</key>
			<string>0</string>
			<key>defaultConfigurationName</key>
			<string>Release</string>
			<key>isa</key>
			<string>XCConfigurationList</string>
		</dict>
		<key>9A64832A1D76E18C00C5462F</key>
		<dict>
			<key>buildSettings</key>
			<dict>
				<key>BUNDLE_LOADER</key>
				<string>$(TEST_HOST)</string>
				<key>INFOPLIST_FILE</key>
				<string>LensTests/Info.plist</string>
				<key>LD_RUNPATH_SEARCH_PATHS</key>
				<string>$(inherited) @executable_path/Frameworks @loader_path/Frameworks</string>
				<key>PRODUCT_BUNDLE_IDENTIFIER</key>
				<string>com.mozy.LensTests</string>
				<key>PRODUCT_NAME</key>
				<string>$(TARGET_NAME)</string>
				<key>TEST_HOST</key>
				<string>$(BUILT_PRODUCTS_DIR)/Lens.app/Lens</string>
			</dict>
			<key>isa</key>
			<string>XCBuildConfiguration</string>
			<key>name</key>
			<string>Debug</string>
		</dict>
		<key>9A64832B1D76E18C00C5462F</key>
		<dict>
			<key>buildSettings</key>
			<dict>
				<key>BUNDLE_LOADER</key>
				<string>$(TEST_HOST)</string>
				<key>INFOPLIST_FILE</key>
				<string>LensTests/Info.plist</string>
				<key>LD_RUNPATH_SEARCH_PATHS</key>
				<string>$(inherited) @executable_path/Frameworks @loader_path/Frameworks</string>
				<key>PRODUCT_BUNDLE_IDENTIFIER</key>
				<string>com.mozy.LensTests</string>
				<key>PRODUCT_NAME</key>
				<string>$(TARGET_NAME)</string>
				<key>TEST_HOST</key>
				<string>$(BUILT_PRODUCTS_DIR)/Lens.app/Lens</string>
			</dict>
			<key>isa</key>
			<string>XCBuildConfiguration</string>
			<key>name</key>
			<string>Release</string>
		</dict>
		<key>9A64832C1D76E18C00C5462F</key>
		<dict>
			<key>buildConfigurations</key>
			<array>
				<string>9A64832D1D76E18C00C5462F</string>
				<string>9A64832E1D76E18C00C5462F</string>
			</array>
			<key>defaultConfigurationIsVisible</key>
			<string>0</string>
			<key>defaultConfigurationName</key>
			<string>Release</string>
			<key>isa</key>
			<string>XCConfigurationList</string>
		</dict>
		<key>9A64832D1D76E18C00C5462F</key>
		<dict>
			<key>buildSettings</key>
			<dict>
				<key>INFOPLIST_FILE</key>
				<string>LensUITests/Info.plist</string>
				<key>LD_RUNPATH_SEARCH_PATHS</key>
				<string>$(inherited) @executable_path/Frameworks @loader_path/Frameworks</string>
				<key>PRODUCT_BUNDLE_IDENTIFIER</key>
				<string>com.mozy.LensUITests</string>
				<key>PRODUCT_NAME</key>
				<string>$(TARGET_NAME)</string>
				<key>TEST_TARGET_NAME</key>
				<string>Lens</string>
			</dict>
			<key>isa</key>
			<string>XCBuildConfiguration</string>
			<key>name</key>
			<string>Debug</string>
		</dict>
		<key>9A64832E1D76E18C00C5462F</key>
		<dict>
			<key>buildSettings</key>
			<dict>
				<key>INFOPLIST_FILE</key>
				<string>LensUITests/Info.plist</string>
				<key>LD_RUNPATH_SEARCH_PATHS</key>
				<string>$(inherited) @executable_path/Frameworks @loader_path/Frameworks</string>
				<key>PRODUCT_BUNDLE_IDENTIFIER</key>
				<string>com.mozy.LensUITests</string>
				<key>PRODUCT_NAME</key>
				<string>$(TARGET_NAME)</string>
				<key>TEST_TARGET_NAME</key>
				<string>Lens</string>
			</dict>
			<key>isa</key>
			<string>XCBuildConfiguration</string>
			<key>name</key>
			<string>Release</string>
		</dict>
		<key>9A64832F1D76F12D00C5462F</key>
		<dict>
			<key>fileEncoding</key>
			<string>4</string>
			<key>isa</key>
			<string>PBXFileReference</string>
			<key>lastKnownFileType</key>
			<string>sourcecode.swift</string>
			<key>path</key>
			<string>PaskModel.swift</string>
			<key>sourceTree</key>
			<string>&lt;group&gt;</string>
		</dict>
		<key>9A6483301D76F12D00C5462F</key>
		<dict>
			<key>fileRef</key>
			<string>9A64832F1D76F12D00C5462F</string>
			<key>isa</key>
			<string>PBXBuildFile</string>
		</dict>
		<key>9A64836B1D77002E00C5462F</key>
		<dict>
			<key>children</key>
			<array>
				<string>9A64832F1D76F12D00C5462F</string>
				<string>9A64836E1D77007900C5462F</string>
				<string>9A6483761D785B6300C5462F</string>
				<string>9AE093861D8AC6B700F115F8</string>
				<string>9AE0939B1D8C363A00F115F8</string>
			</array>
			<key>isa</key>
			<string>PBXGroup</string>
			<key>name</key>
			<string>Models</string>
			<key>sourceTree</key>
			<string>&lt;group&gt;</string>
		</dict>
		<key>9A64836E1D77007900C5462F</key>
		<dict>
			<key>fileEncoding</key>
			<string>4</string>
			<key>isa</key>
			<string>PBXFileReference</string>
			<key>lastKnownFileType</key>
			<string>sourcecode.swift</string>
			<key>path</key>
			<string>LensModel.swift</string>
			<key>sourceTree</key>
			<string>&lt;group&gt;</string>
		</dict>
		<key>9A64836F1D77007900C5462F</key>
		<dict>
			<key>fileRef</key>
			<string>9A64836E1D77007900C5462F</string>
			<key>isa</key>
			<string>PBXBuildFile</string>
		</dict>
		<key>9A6483701D770ACF00C5462F</key>
		<dict>
			<key>children</key>
			<array>
				<string>9A6483711D770AE900C5462F</string>
				<string>84CDFE771D8BC387001020C3</string>
				<string>9AE093931D8BD56300F115F8</string>
			</array>
			<key>isa</key>
			<string>PBXGroup</string>
			<key>name</key>
			<string>Helpers</string>
			<key>sourceTree</key>
			<string>&lt;group&gt;</string>
		</dict>
		<key>9A6483711D770AE900C5462F</key>
		<dict>
			<key>fileEncoding</key>
			<string>4</string>
			<key>isa</key>
			<string>PBXFileReference</string>
			<key>lastKnownFileType</key>
			<string>sourcecode.swift</string>
			<key>path</key>
			<string>HelperPask.swift</string>
			<key>sourceTree</key>
			<string>&lt;group&gt;</string>
		</dict>
		<key>9A6483721D770AE900C5462F</key>
		<dict>
			<key>fileRef</key>
			<string>9A6483711D770AE900C5462F</string>
			<key>isa</key>
			<string>PBXBuildFile</string>
		</dict>
		<key>9A6483731D784C0000C5462F</key>
		<dict>
			<key>children</key>
			<array>
				<string>9A6483741D784C7A00C5462F</string>
				<string>9A6483031D76E18C00C5462F</string>
				<string>84C1F5AE1D8AD5D6006E6137</string>
				<string>9AE0938A1D8ADCE500F115F8</string>
			</array>
			<key>isa</key>
			<string>PBXGroup</string>
			<key>name</key>
			<string>Controllers</string>
			<key>sourceTree</key>
			<string>&lt;group&gt;</string>
		</dict>
		<key>9A6483741D784C7A00C5462F</key>
		<dict>
			<key>fileEncoding</key>
			<string>4</string>
			<key>isa</key>
			<string>PBXFileReference</string>
			<key>lastKnownFileType</key>
			<string>sourcecode.swift</string>
			<key>path</key>
			<string>PaskController.swift</string>
			<key>sourceTree</key>
			<string>&lt;group&gt;</string>
		</dict>
		<key>9A6483751D784C7A00C5462F</key>
		<dict>
			<key>fileRef</key>
			<string>9A6483741D784C7A00C5462F</string>
			<key>isa</key>
			<string>PBXBuildFile</string>
		</dict>
		<key>9A6483761D785B6300C5462F</key>
		<dict>
			<key>fileEncoding</key>
			<string>4</string>
			<key>isa</key>
			<string>PBXFileReference</string>
			<key>lastKnownFileType</key>
			<string>sourcecode.swift</string>
			<key>path</key>
			<string>CalendarView.swift</string>
			<key>sourceTree</key>
			<string>&lt;group&gt;</string>
		</dict>
		<key>9A6483771D785B6300C5462F</key>
		<dict>
			<key>fileRef</key>
			<string>9A6483761D785B6300C5462F</string>
			<key>isa</key>
			<string>PBXBuildFile</string>
		</dict>
		<key>9AC451C71D915E6700516218</key>
		<dict>
			<key>fileEncoding</key>
			<string>4</string>
			<key>isa</key>
			<string>PBXFileReference</string>
			<key>lastKnownFileType</key>
			<string>file.storyboard</string>
			<key>path</key>
			<string>EventsStoryboard.storyboard</string>
			<key>sourceTree</key>
			<string>&lt;group&gt;</string>
		</dict>
		<key>9AC451C81D915E6700516218</key>
		<dict>
			<key>fileRef</key>
			<string>9AC451C71D915E6700516218</string>
			<key>isa</key>
			<string>PBXBuildFile</string>
		</dict>
		<key>9AC451C91D916C5600516218</key>
		<dict>
			<key>children</key>
			<array>
				<string>9AC451CA1D916CD700516218</string>
				<string>9AC451CC1D9181FE00516218</string>
			</array>
			<key>isa</key>
			<string>PBXGroup</string>
			<key>name</key>
			<string>CollectionWithSlider</string>
			<key>sourceTree</key>
			<string>&lt;group&gt;</string>
		</dict>
		<key>9AC451CA1D916CD700516218</key>
		<dict>
			<key>fileEncoding</key>
			<string>4</string>
			<key>isa</key>
			<string>PBXFileReference</string>
			<key>lastKnownFileType</key>
			<string>file.xib</string>
			<key>path</key>
			<string>SliderView.xib</string>
			<key>sourceTree</key>
			<string>&lt;group&gt;</string>
		</dict>
		<key>9AC451CB1D916CD700516218</key>
		<dict>
			<key>fileRef</key>
			<string>9AC451CA1D916CD700516218</string>
			<key>isa</key>
			<string>PBXBuildFile</string>
		</dict>
		<key>9AC451CC1D9181FE00516218</key>
		<dict>
			<key>fileEncoding</key>
			<string>4</string>
			<key>isa</key>
			<string>PBXFileReference</string>
			<key>lastKnownFileType</key>
			<string>sourcecode.swift</string>
			<key>path</key>
			<string>SliderView.swift</string>
			<key>sourceTree</key>
			<string>&lt;group&gt;</string>
		</dict>
		<key>9AC451CD1D9181FE00516218</key>
		<dict>
			<key>fileRef</key>
			<string>9AC451CC1D9181FE00516218</string>
			<key>isa</key>
			<string>PBXBuildFile</string>
		</dict>
		<key>9AE093811D8851B400F115F8</key>
		<dict>
			<key>children</key>
			<array>
				<string>9AC451C91D916C5600516218</string>
				<string>9AE093821D88523800F115F8</string>
			</array>
			<key>isa</key>
			<string>PBXGroup</string>
			<key>name</key>
			<string>Components</string>
			<key>sourceTree</key>
			<string>&lt;group&gt;</string>
		</dict>
		<key>9AE093821D88523800F115F8</key>
		<dict>
			<key>fileEncoding</key>
			<string>4</string>
			<key>isa</key>
			<string>PBXFileReference</string>
			<key>lastKnownFileType</key>
			<string>sourcecode.swift</string>
			<key>path</key>
			<string>Notification.swift</string>
			<key>sourceTree</key>
			<string>&lt;group&gt;</string>
		</dict>
		<key>9AE093831D88523800F115F8</key>
		<dict>
			<key>fileRef</key>
			<string>9AE093821D88523800F115F8</string>
			<key>isa</key>
			<string>PBXBuildFile</string>
		</dict>
		<key>9AE093861D8AC6B700F115F8</key>
		<dict>
			<key>fileEncoding</key>
			<string>4</string>
			<key>isa</key>
			<string>PBXFileReference</string>
			<key>lastKnownFileType</key>
			<string>sourcecode.swift</string>
			<key>path</key>
			<string>DatesModel.swift</string>
			<key>sourceTree</key>
			<string>&lt;group&gt;</string>
		</dict>
		<key>9AE093871D8AC6B700F115F8</key>
		<dict>
			<key>fileRef</key>
			<string>9AE093861D8AC6B700F115F8</string>
			<key>isa</key>
			<string>PBXBuildFile</string>
		</dict>
		<key>9AE0938A1D8ADCE500F115F8</key>
		<dict>
			<key>fileEncoding</key>
			<string>4</string>
			<key>isa</key>
			<string>PBXFileReference</string>
			<key>lastKnownFileType</key>
			<string>sourcecode.swift</string>
			<key>path</key>
			<string>TableViewController.swift</string>
			<key>sourceTree</key>
			<string>&lt;group&gt;</string>
		</dict>
		<key>9AE0938B1D8ADCE500F115F8</key>
		<dict>
			<key>fileRef</key>
			<string>9AE0938A1D8ADCE500F115F8</string>
			<key>isa</key>
			<string>PBXBuildFile</string>
		</dict>
		<key>9AE0938C1D8ADFC900F115F8</key>
		<dict>
			<key>children</key>
			<array>
				<string>9AE093961D8C32C300F115F8</string>
				<string>9AE093951D8C327B00F115F8</string>
			</array>
			<key>isa</key>
			<string>PBXGroup</string>
			<key>name</key>
			<string>Widgets</string>
			<key>sourceTree</key>
			<string>&lt;group&gt;</string>
		</dict>
		<key>9AE0938D1D8AE00C00F115F8</key>
		<dict>
			<key>fileEncoding</key>
			<string>4</string>
			<key>isa</key>
			<string>PBXFileReference</string>
			<key>lastKnownFileType</key>
			<string>file.xib</string>
			<key>path</key>
			<string>EventCell.xib</string>
			<key>sourceTree</key>
			<string>&lt;group&gt;</string>
		</dict>
		<key>9AE0938E1D8AE00C00F115F8</key>
		<dict>
			<key>fileRef</key>
			<string>9AE0938D1D8AE00C00F115F8</string>
			<key>isa</key>
			<string>PBXBuildFile</string>
		</dict>
		<key>9AE0938F1D8AE39A00F115F8</key>
		<dict>
			<key>fileEncoding</key>
			<string>4</string>
			<key>isa</key>
			<string>PBXFileReference</string>
			<key>lastKnownFileType</key>
			<string>sourcecode.swift</string>
			<key>path</key>
			<string>TableViewCell.swift</string>
			<key>sourceTree</key>
			<string>&lt;group&gt;</string>
		</dict>
		<key>9AE093901D8AE39A00F115F8</key>
		<dict>
			<key>fileRef</key>
			<string>9AE0938F1D8AE39A00F115F8</string>
			<key>isa</key>
			<string>PBXBuildFile</string>
		</dict>
		<key>9AE093931D8BD56300F115F8</key>
		<dict>
			<key>fileEncoding</key>
			<string>4</string>
			<key>isa</key>
			<string>PBXFileReference</string>
			<key>lastKnownFileType</key>
			<string>sourcecode.swift</string>
			<key>path</key>
			<string>HelperDates.swift</string>
			<key>sourceTree</key>
			<string>&lt;group&gt;</string>
		</dict>
		<key>9AE093941D8BD56300F115F8</key>
		<dict>
			<key>fileRef</key>
			<string>9AE093931D8BD56300F115F8</string>
			<key>isa</key>
			<string>PBXBuildFile</string>
		</dict>
		<key>9AE093951D8C327B00F115F8</key>
		<dict>
			<key>children</key>
			<array>
				<string>9AE0938D1D8AE00C00F115F8</string>
				<string>9AE0938F1D8AE39A00F115F8</string>
			</array>
			<key>isa</key>
			<string>PBXGroup</string>
			<key>name</key>
			<string>TableView</string>
			<key>sourceTree</key>
			<string>&lt;group&gt;</string>
		</dict>
		<key>9AE093961D8C32C300F115F8</key>
		<dict>
			<key>children</key>
			<array>
				<string>9AE093A31D8FCE5E00F115F8</string>
				<string>9AE093971D8C332900F115F8</string>
				<string>9AE093991D8C351300F115F8</string>
				<string>9AE0939F1D8C38C600F115F8</string>
				<string>9AE093A11D8C39C500F115F8</string>
				<string>9AE093A51D8FD1CC00F115F8</string>
				<string>9AE093A71D90059D00F115F8</string>
			</array>
			<key>isa</key>
			<string>PBXGroup</string>
			<key>name</key>
			<string>CollectionView</string>
			<key>sourceTree</key>
			<string>&lt;group&gt;</string>
		</dict>
		<key>9AE093971D8C332900F115F8</key>
		<dict>
			<key>fileEncoding</key>
			<string>4</string>
			<key>isa</key>
			<string>PBXFileReference</string>
			<key>lastKnownFileType</key>
			<string>file.xib</string>
			<key>path</key>
			<string>CollectionViewCell.xib</string>
			<key>sourceTree</key>
			<string>&lt;group&gt;</string>
		</dict>
		<key>9AE093981D8C332900F115F8</key>
		<dict>
			<key>fileRef</key>
			<string>9AE093971D8C332900F115F8</string>
			<key>isa</key>
			<string>PBXBuildFile</string>
		</dict>
		<key>9AE093991D8C351300F115F8</key>
		<dict>
			<key>fileEncoding</key>
			<string>4</string>
			<key>isa</key>
			<string>PBXFileReference</string>
			<key>lastKnownFileType</key>
			<string>sourcecode.swift</string>
			<key>path</key>
			<string>CollectionViewCell.swift</string>
			<key>sourceTree</key>
			<string>&lt;group&gt;</string>
		</dict>
		<key>9AE0939A1D8C351300F115F8</key>
		<dict>
			<key>fileRef</key>
			<string>9AE093991D8C351300F115F8</string>
			<key>isa</key>
			<string>PBXBuildFile</string>
		</dict>
		<key>9AE0939B1D8C363A00F115F8</key>
		<dict>
			<key>fileEncoding</key>
			<string>4</string>
			<key>isa</key>
			<string>PBXFileReference</string>
			<key>lastKnownFileType</key>
			<string>sourcecode.swift</string>
			<key>path</key>
			<string>CollectionModel.swift</string>
			<key>sourceTree</key>
			<string>&lt;group&gt;</string>
		</dict>
		<key>9AE0939C1D8C363A00F115F8</key>
		<dict>
			<key>fileRef</key>
			<string>9AE0939B1D8C363A00F115F8</string>
			<key>isa</key>
			<string>PBXBuildFile</string>
		</dict>
		<key>9AE0939F1D8C38C600F115F8</key>
		<dict>
			<key>fileEncoding</key>
			<string>4</string>
			<key>isa</key>
			<string>PBXFileReference</string>
			<key>lastKnownFileType</key>
			<string>file.xib</string>
			<key>path</key>
			<string>LastCollection.xib</string>
			<key>sourceTree</key>
			<string>&lt;group&gt;</string>
		</dict>
		<key>9AE093A01D8C38C600F115F8</key>
		<dict>
			<key>fileRef</key>
			<string>9AE0939F1D8C38C600F115F8</string>
			<key>isa</key>
			<string>PBXBuildFile</string>
		</dict>
		<key>9AE093A11D8C39C500F115F8</key>
		<dict>
			<key>fileEncoding</key>
			<string>4</string>
			<key>isa</key>
			<string>PBXFileReference</string>
			<key>lastKnownFileType</key>
			<string>sourcecode.swift</string>
			<key>path</key>
			<string>LastCollection.swift</string>
			<key>sourceTree</key>
			<string>&lt;group&gt;</string>
		</dict>
		<key>9AE093A21D8C39C500F115F8</key>
		<dict>
			<key>fileRef</key>
			<string>9AE093A11D8C39C500F115F8</string>
			<key>isa</key>
			<string>PBXBuildFile</string>
		</dict>
		<key>9AE093A31D8FCE5E00F115F8</key>
		<dict>
			<key>fileEncoding</key>
			<string>4</string>
			<key>isa</key>
			<string>PBXFileReference</string>
			<key>lastKnownFileType</key>
			<string>file.xib</string>
			<key>path</key>
			<string>View.xib</string>
			<key>sourceTree</key>
			<string>&lt;group&gt;</string>
		</dict>
		<key>9AE093A41D8FCE5E00F115F8</key>
		<dict>
			<key>fileRef</key>
			<string>9AE093A31D8FCE5E00F115F8</string>
			<key>isa</key>
			<string>PBXBuildFile</string>
		</dict>
		<key>9AE093A51D8FD1CC00F115F8</key>
		<dict>
			<key>fileEncoding</key>
			<string>4</string>
			<key>isa</key>
			<string>PBXFileReference</string>
			<key>lastKnownFileType</key>
			<string>sourcecode.swift</string>
			<key>path</key>
			<string>View.swift</string>
			<key>sourceTree</key>
			<string>&lt;group&gt;</string>
		</dict>
		<key>9AE093A61D8FD1CC00F115F8</key>
		<dict>
			<key>fileRef</key>
			<string>9AE093A51D8FD1CC00F115F8</string>
			<key>isa</key>
			<string>PBXBuildFile</string>
		</dict>
		<key>9AE093A71D90059D00F115F8</key>
		<dict>
			<key>fileEncoding</key>
			<string>4</string>
			<key>isa</key>
			<string>PBXFileReference</string>
			<key>lastKnownFileType</key>
			<string>sourcecode.swift</string>
			<key>path</key>
			<string>CollectionController.swift</string>
			<key>sourceTree</key>
			<string>&lt;group&gt;</string>
		</dict>
		<key>9AE093A81D90059D00F115F8</key>
		<dict>
			<key>fileRef</key>
			<string>9AE093A71D90059D00F115F8</string>
			<key>isa</key>
			<string>PBXBuildFile</string>
		</dict>
		<key>9AE613BE1D7E973C0016277B</key>
		<dict>
			<key>fileEncoding</key>
			<string>4</string>
			<key>isa</key>
			<string>PBXFileReference</string>
			<key>lastKnownFileType</key>
			<string>sourcecode.swift</string>
			<key>path</key>
			<string>AnimationClass.swift</string>
			<key>sourceTree</key>
			<string>&lt;group&gt;</string>
		</dict>
		<key>9AE613BF1D7E973C0016277B</key>
		<dict>
			<key>fileRef</key>
			<string>9AE613BE1D7E973C0016277B</string>
			<key>isa</key>
			<string>PBXBuildFile</string>
		</dict>
		<key>DDD876913ED96D2FB402EBFC</key>
		<dict>
			<key>buildActionMask</key>
			<string>2147483647</string>
			<key>files</key>
			<array/>
			<key>inputPaths</key>
			<array/>
			<key>isa</key>
			<string>PBXShellScriptBuildPhase</string>
			<key>name</key>
			<string>[CP] Copy Pods Resources</string>
			<key>outputPaths</key>
			<array/>
			<key>runOnlyForDeploymentPostprocessing</key>
			<string>0</string>
			<key>shellPath</key>
			<string>/bin/sh</string>
			<key>shellScript</key>
			<string>"${SRCROOT}/Pods/Target Support Files/Pods-Lens/Pods-Lens-resources.sh"
</string>
			<key>showEnvVarsInLog</key>
			<string>0</string>
		</dict>
		<key>F6AAFBE4FF585B0D67D80982</key>
		<dict>
			<key>includeInIndex</key>
			<string>1</string>
			<key>isa</key>
			<string>PBXFileReference</string>
			<key>lastKnownFileType</key>
			<string>text.xcconfig</string>
			<key>name</key>
			<string>Pods-Lens.release.xcconfig</string>
			<key>path</key>
			<string>Pods/Target Support Files/Pods-Lens/Pods-Lens.release.xcconfig</string>
			<key>sourceTree</key>
			<string>&lt;group&gt;</string>
		</dict>
		<key>F905D9904B4606844F293A8A</key>
		<dict>
			<key>explicitFileType</key>
			<string>wrapper.framework</string>
			<key>includeInIndex</key>
			<string>0</string>
			<key>isa</key>
			<string>PBXFileReference</string>
			<key>path</key>
			<string>Pods_Lens.framework</string>
			<key>sourceTree</key>
			<string>BUILT_PRODUCTS_DIR</string>
		</dict>
		<key>FF92D2264EC149493E457590</key>
		<dict>
			<key>includeInIndex</key>
			<string>1</string>
			<key>isa</key>
			<string>PBXFileReference</string>
			<key>lastKnownFileType</key>
			<string>text.xcconfig</string>
			<key>name</key>
			<string>Pods-Lens.debug.xcconfig</string>
			<key>path</key>
			<string>Pods/Target Support Files/Pods-Lens/Pods-Lens.debug.xcconfig</string>
			<key>sourceTree</key>
			<string>&lt;group&gt;</string>
		</dict>
	</dict>
	<key>rootObject</key>
	<string>9A6482F61D76E18C00C5462F</string>
</dict>
</plist>
